// !$*UTF8*$!
{
	archiveVersion = 1;
	classes = {
	};
	objectVersion = 46;
	objects = {

/* Begin PBXBuildFile section */
		A6A5B41D17C9F64C004336F2 /* Quartz.framework in Frameworks */ = {isa = PBXBuildFile; fileRef = A6A5B41C17C9F64C004336F2 /* Quartz.framework */; };
		A6A5B41F17C9F64C004336F2 /* Cocoa.framework in Frameworks */ = {isa = PBXBuildFile; fileRef = A6A5B41E17C9F64C004336F2 /* Cocoa.framework */; };
		A6A5B42917C9F64C004336F2 /* InfoPlist.strings in Resources */ = {isa = PBXBuildFile; fileRef = A6A5B42717C9F64C004336F2 /* InfoPlist.strings */; };
		A6A5B42C17C9F64C004336F2 /* LATPatchesPlugIn.m in Sources */ = {isa = PBXBuildFile; fileRef = A6A5B42B17C9F64C004336F2 /* LATPatchesPlugIn.m */; };
/* End PBXBuildFile section */

/* Begin PBXFileReference section */
		A6A5B41917C9F64C004336F2 /* LATPatches.plugin */ = {isa = PBXFileReference; explicitFileType = wrapper.cfbundle; includeInIndex = 0; path = LATPatches.plugin; sourceTree = BUILT_PRODUCTS_DIR; };
		A6A5B41C17C9F64C004336F2 /* Quartz.framework */ = {isa = PBXFileReference; lastKnownFileType = wrapper.framework; name = Quartz.framework; path = System/Library/Frameworks/Quartz.framework; sourceTree = SDKROOT; };
		A6A5B41E17C9F64C004336F2 /* Cocoa.framework */ = {isa = PBXFileReference; lastKnownFileType = wrapper.framework; name = Cocoa.framework; path = System/Library/Frameworks/Cocoa.framework; sourceTree = SDKROOT; };
		A6A5B42117C9F64C004336F2 /* Foundation.framework */ = {isa = PBXFileReference; lastKnownFileType = wrapper.framework; name = Foundation.framework; path = System/Library/Frameworks/Foundation.framework; sourceTree = SDKROOT; };
		A6A5B42217C9F64C004336F2 /* CoreData.framework */ = {isa = PBXFileReference; lastKnownFileType = wrapper.framework; name = CoreData.framework; path = System/Library/Frameworks/CoreData.framework; sourceTree = SDKROOT; };
		A6A5B42317C9F64C004336F2 /* AppKit.framework */ = {isa = PBXFileReference; lastKnownFileType = wrapper.framework; name = AppKit.framework; path = System/Library/Frameworks/AppKit.framework; sourceTree = SDKROOT; };
		A6A5B42617C9F64C004336F2 /* LATPatches-Info.plist */ = {isa = PBXFileReference; lastKnownFileType = text.plist.xml; path = "LATPatches-Info.plist"; sourceTree = "<group>"; };
		A6A5B42817C9F64C004336F2 /* en */ = {isa = PBXFileReference; lastKnownFileType = text.plist.strings; name = en; path = en.lproj/InfoPlist.strings; sourceTree = "<group>"; };
		A6A5B42A17C9F64C004336F2 /* LATPatchesPlugIn.h */ = {isa = PBXFileReference; lastKnownFileType = sourcecode.c.h; path = LATPatchesPlugIn.h; sourceTree = "<group>"; };
		A6A5B42B17C9F64C004336F2 /* LATPatchesPlugIn.m */ = {isa = PBXFileReference; lastKnownFileType = sourcecode.c.objc; path = LATPatchesPlugIn.m; sourceTree = "<group>"; };
		A6A5B42D17C9F64C004336F2 /* LATPatches-Prefix.pch */ = {isa = PBXFileReference; lastKnownFileType = sourcecode.c.h; path = "LATPatches-Prefix.pch"; sourceTree = "<group>"; };
/* End PBXFileReference section */

/* Begin PBXFrameworksBuildPhase section */
		A6A5B41517C9F64C004336F2 /* Frameworks */ = {
			isa = PBXFrameworksBuildPhase;
			buildActionMask = 2147483647;
			files = (
				A6A5B41F17C9F64C004336F2 /* Cocoa.framework in Frameworks */,
				A6A5B41D17C9F64C004336F2 /* Quartz.framework in Frameworks */,
			);
			runOnlyForDeploymentPostprocessing = 0;
		};
/* End PBXFrameworksBuildPhase section */

/* Begin PBXGroup section */
		A6A5B40F17C9F64C004336F2 = {
			isa = PBXGroup;
			children = (
				A6A5B42417C9F64C004336F2 /* LATPatches */,
				A6A5B41B17C9F64C004336F2 /* Frameworks */,
				A6A5B41A17C9F64C004336F2 /* Products */,
			);
			sourceTree = "<group>";
		};
		A6A5B41A17C9F64C004336F2 /* Products */ = {
			isa = PBXGroup;
			children = (
				A6A5B41917C9F64C004336F2 /* LATPatches.plugin */,
			);
			name = Products;
			sourceTree = "<group>";
		};
		A6A5B41B17C9F64C004336F2 /* Frameworks */ = {
			isa = PBXGroup;
			children = (
				A6A5B41C17C9F64C004336F2 /* Quartz.framework */,
				A6A5B41E17C9F64C004336F2 /* Cocoa.framework */,
				A6A5B42017C9F64C004336F2 /* Other Frameworks */,
			);
			name = Frameworks;
			sourceTree = "<group>";
		};
		A6A5B42017C9F64C004336F2 /* Other Frameworks */ = {
			isa = PBXGroup;
			children = (
				A6A5B42117C9F64C004336F2 /* Foundation.framework */,
				A6A5B42217C9F64C004336F2 /* CoreData.framework */,
				A6A5B42317C9F64C004336F2 /* AppKit.framework */,
			);
			name = "Other Frameworks";
			sourceTree = "<group>";
		};
		A6A5B42417C9F64C004336F2 /* LATPatches */ = {
			isa = PBXGroup;
			children = (
				A6A5B42A17C9F64C004336F2 /* LATPatchesPlugIn.h */,
				A6A5B42B17C9F64C004336F2 /* LATPatchesPlugIn.m */,
				A6A5B42517C9F64C004336F2 /* Supporting Files */,
			);
			path = LATPatches;
			sourceTree = "<group>";
		};
		A6A5B42517C9F64C004336F2 /* Supporting Files */ = {
			isa = PBXGroup;
			children = (
				A6A5B42617C9F64C004336F2 /* LATPatches-Info.plist */,
				A6A5B42717C9F64C004336F2 /* InfoPlist.strings */,
				A6A5B42D17C9F64C004336F2 /* LATPatches-Prefix.pch */,
			);
			name = "Supporting Files";
			sourceTree = "<group>";
		};
/* End PBXGroup section */

/* Begin PBXNativeTarget section */
		A6A5B41817C9F64C004336F2 /* LATPatches */ = {
			isa = PBXNativeTarget;
			buildConfigurationList = A6A5B43017C9F64C004336F2 /* Build configuration list for PBXNativeTarget "LATPatches" */;
			buildPhases = (
				A6A5B41417C9F64C004336F2 /* Sources */,
				A6A5B41517C9F64C004336F2 /* Frameworks */,
				A6A5B41617C9F64C004336F2 /* Resources */,
				A6A5B41717C9F64C004336F2 /* ShellScript */,
			);
			buildRules = (
			);
			dependencies = (
			);
			name = LATPatches;
			productName = LATPatches;
			productReference = A6A5B41917C9F64C004336F2 /* LATPatches.plugin */;
			productType = "com.apple.product-type.bundle";
		};
/* End PBXNativeTarget section */

/* Begin PBXProject section */
		A6A5B41017C9F64C004336F2 /* Project object */ = {
			isa = PBXProject;
			attributes = {
				LastUpgradeCheck = 0500;
				ORGANIZATIONNAME = LukeToop.com;
			};
			buildConfigurationList = A6A5B41317C9F64C004336F2 /* Build configuration list for PBXProject "LATPatches" */;
			compatibilityVersion = "Xcode 3.2";
			developmentRegion = English;
			hasScannedForEncodings = 0;
			knownRegions = (
				en,
			);
			mainGroup = A6A5B40F17C9F64C004336F2;
			productRefGroup = A6A5B41A17C9F64C004336F2 /* Products */;
			projectDirPath = "";
			projectRoot = "";
			targets = (
				A6A5B41817C9F64C004336F2 /* LATPatches */,
			);
		};
/* End PBXProject section */

/* Begin PBXResourcesBuildPhase section */
		A6A5B41617C9F64C004336F2 /* Resources */ = {
			isa = PBXResourcesBuildPhase;
			buildActionMask = 2147483647;
			files = (
				A6A5B42917C9F64C004336F2 /* InfoPlist.strings in Resources */,
			);
			runOnlyForDeploymentPostprocessing = 0;
		};
/* End PBXResourcesBuildPhase section */

/* Begin PBXShellScriptBuildPhase section */
		A6A5B41717C9F64C004336F2 /* ShellScript */ = {
			isa = PBXShellScriptBuildPhase;
			buildActionMask = 2147483647;
			files = (
			);
			inputPaths = (
			);
			outputPaths = (
			);
			runOnlyForDeploymentPostprocessing = 0;
			shellPath = /bin/sh;
			shellScript = "# This shell script simply copies the built plug-in to \"~/Library/Graphics/Quartz Composer Plug-Ins\" and overrides any previous version at that location\n\nmkdir -p \"$USER_LIBRARY_DIR/Graphics/Quartz Composer Plug-Ins\"\nrm -rf \"$USER_LIBRARY_DIR/Graphics/Quartz Composer Plug-Ins/LATPatches.plugin\"\ncp -rf \"$BUILT_PRODUCTS_DIR/LATPatches.plugin\" \"$USER_LIBRARY_DIR/Graphics/Quartz Composer Plug-Ins/\"\n";
		};
/* End PBXShellScriptBuildPhase section */

/* Begin PBXSourcesBuildPhase section */
		A6A5B41417C9F64C004336F2 /* Sources */ = {
			isa = PBXSourcesBuildPhase;
			buildActionMask = 2147483647;
			files = (
				A6A5B42C17C9F64C004336F2 /* LATPatchesPlugIn.m in Sources */,
			);
			runOnlyForDeploymentPostprocessing = 0;
		};
/* End PBXSourcesBuildPhase section */

/* Begin PBXVariantGroup section */
		A6A5B42717C9F64C004336F2 /* InfoPlist.strings */ = {
			isa = PBXVariantGroup;
			children = (
				A6A5B42817C9F64C004336F2 /* en */,
			);
			name = InfoPlist.strings;
			sourceTree = "<group>";
		};
/* End PBXVariantGroup section */

/* Begin XCBuildConfiguration section */
		A6A5B42E17C9F64C004336F2 /* Debug */ = {
			isa = XCBuildConfiguration;
			buildSettings = {
				ALWAYS_SEARCH_USER_PATHS = NO;
				CLANG_CXX_LANGUAGE_STANDARD = "gnu++0x";
				CLANG_CXX_LIBRARY = "libc++";
				CLANG_ENABLE_MODULES = YES;
				CLANG_ENABLE_OBJC_ARC = YES;
				CLANG_WARN_BOOL_CONVERSION = YES;
				CLANG_WARN_CONSTANT_CONVERSION = YES;
				CLANG_WARN_DIRECT_OBJC_ISA_USAGE = YES_ERROR;
				CLANG_WARN_EMPTY_BODY = YES;
				CLANG_WARN_ENUM_CONVERSION = YES;
				CLANG_WARN_INT_CONVERSION = YES;
				CLANG_WARN_OBJC_ROOT_CLASS = YES_ERROR;
				CLANG_WARN__DUPLICATE_METHOD_MATCH = YES;
				COPY_PHASE_STRIP = NO;
				GCC_C_LANGUAGE_STANDARD = gnu99;
				GCC_DYNAMIC_NO_PIC = NO;
				GCC_ENABLE_OBJC_EXCEPTIONS = YES;
				GCC_OPTIMIZATION_LEVEL = 0;
				GCC_PREPROCESSOR_DEFINITIONS = (
					"DEBUG=1",
					"$(inherited)",
				);
				GCC_SYMBOLS_PRIVATE_EXTERN = NO;
				GCC_WARN_64_TO_32_BIT_CONVERSION = YES;
				GCC_WARN_ABOUT_RETURN_TYPE = YES_ERROR;
				GCC_WARN_UNDECLARED_SELECTOR = YES;
				GCC_WARN_UNINITIALIZED_AUTOS = YES;
				GCC_WARN_UNUSED_FUNCTION = YES;
				GCC_WARN_UNUSED_VARIABLE = YES;
				MACOSX_DEPLOYMENT_TARGET = 10.8;
				ONLY_ACTIVE_ARCH = YES;
				SDKROOT = macosx;
			};
			name = Debug;
		};
		A6A5B42F17C9F64C004336F2 /* Release */ = {
			isa = XCBuildConfiguration;
			buildSettings = {
				ALWAYS_SEARCH_USER_PATHS = NO;
				CLANG_CXX_LANGUAGE_STANDARD = "gnu++0x";
				CLANG_CXX_LIBRARY = "libc++";
				CLANG_ENABLE_MODULES = YES;
				CLANG_ENABLE_OBJC_ARC = YES;
				CLANG_WARN_BOOL_CONVERSION = YES;
				CLANG_WARN_CONSTANT_CONVERSION = YES;
				CLANG_WARN_DIRECT_OBJC_ISA_USAGE = YES_ERROR;
				CLANG_WARN_EMPTY_BODY = YES;
				CLANG_WARN_ENUM_CONVERSION = YES;
				CLANG_WARN_INT_CONVERSION = YES;
				CLANG_WARN_OBJC_ROOT_CLASS = YES_ERROR;
				CLANG_WARN__DUPLICATE_METHOD_MATCH = YES;
				COPY_PHASE_STRIP = YES;
				DEBUG_INFORMATION_FORMAT = "dwarf-with-dsym";
				ENABLE_NS_ASSERTIONS = NO;
				GCC_C_LANGUAGE_STANDARD = gnu99;
				GCC_ENABLE_OBJC_EXCEPTIONS = YES;
				GCC_WARN_64_TO_32_BIT_CONVERSION = YES;
				GCC_WARN_ABOUT_RETURN_TYPE = YES_ERROR;
				GCC_WARN_UNDECLARED_SELECTOR = YES;
				GCC_WARN_UNINITIALIZED_AUTOS = YES;
				GCC_WARN_UNUSED_FUNCTION = YES;
				GCC_WARN_UNUSED_VARIABLE = YES;
				MACOSX_DEPLOYMENT_TARGET = 10.8;
				SDKROOT = macosx;
			};
			name = Release;
		};
		A6A5B43117C9F64C004336F2 /* Debug */ = {
			isa = XCBuildConfiguration;
			buildSettings = {
				COMBINE_HIDPI_IMAGES = YES;
				GCC_PRECOMPILE_PREFIX_HEADER = YES;
				GCC_PREFIX_HEADER = "LATPatches/LATPatches-Prefix.pch";
				INFOPLIST_FILE = "LATPatches/LATPatches-Info.plist";
				INSTALL_PATH = "$(HOME)/Library/Graphics/Quartz Composer Plug-Ins";
				PRODUCT_NAME = "$(TARGET_NAME)";
				WRAPPER_EXTENSION = plugin;
			};
			name = Debug;
		};
		A6A5B43217C9F64C004336F2 /* Release */ = {
			isa = XCBuildConfiguration;
			buildSettings = {
				COMBINE_HIDPI_IMAGES = YES;
				GCC_PRECOMPILE_PREFIX_HEADER = YES;
				GCC_PREFIX_HEADER = "LATPatches/LATPatches-Prefix.pch";
				INFOPLIST_FILE = "LATPatches/LATPatches-Info.plist";
				INSTALL_PATH = "$(HOME)/Library/Graphics/Quartz Composer Plug-Ins";
				PRODUCT_NAME = "$(TARGET_NAME)";
				WRAPPER_EXTENSION = plugin;
			};
			name = Release;
		};
/* End XCBuildConfiguration section */

/* Begin XCConfigurationList section */
		A6A5B41317C9F64C004336F2 /* Build configuration list for PBXProject "LATPatches" */ = {
			isa = XCConfigurationList;
			buildConfigurations = (
				A6A5B42E17C9F64C004336F2 /* Debug */,
				A6A5B42F17C9F64C004336F2 /* Release */,
			);
			defaultConfigurationIsVisible = 0;
			defaultConfigurationName = Release;
		};
		A6A5B43017C9F64C004336F2 /* Build configuration list for PBXNativeTarget "LATPatches" */ = {
			isa = XCConfigurationList;
			buildConfigurations = (
				A6A5B43117C9F64C004336F2 /* Debug */,
				A6A5B43217C9F64C004336F2 /* Release */,
			);
			defaultConfigurationIsVisible = 0;
		};
/* End XCConfigurationList section */
	};
	rootObject = A6A5B41017C9F64C004336F2 /* Project object */;
}
